
Microsoft Visual Studio Solution File, Format Version 12.00
# Visual Studio Version 17
VisualStudioVersion = 17.7.34024.191
MinimumVisualStudioVersion = 10.0.40219.1
Project("{9A19103F-16F7-4668-BE54-9A1E7A4F7556}") = "SecondCodingExam", "SecondCodingExam\SecondCodingExam.csproj", "{3E1B73EF-3131-4A3B-8942-D3DD676D2AA1}"
EndProject
Project("{FAE04EC0-301F-11D3-BF4B-00C04F79EFBC}") = "SecondCodingExam.Tests", "SecondCodingExam.Tests\SecondCodingExam.Tests.csproj", "{88E23043-01AA-4775-ABEF-80B6EFA9D104}"
EndProject
Global
	GlobalSection(SolutionConfigurationPlatforms) = preSolution
		Debug|Any CPU = Debug|Any CPU
		Release|Any CPU = Release|Any CPU
	EndGlobalSection
	GlobalSection(ProjectConfigurationPlatforms) = postSolution
		{3E1B73EF-3131-4A3B-8942-D3DD676D2AA1}.Debug|Any CPU.ActiveCfg = Debug|Any CPU
		{3E1B73EF-3131-4A3B-8942-D3DD676D2AA1}.Debug|Any CPU.Build.0 = Debug|Any CPU
		{3E1B73EF-3131-4A3B-8942-D3DD676D2AA1}.Release|Any CPU.ActiveCfg = Release|Any CPU
		{3E1B73EF-3131-4A3B-8942-D3DD676D2AA1}.Release|Any CPU.Build.0 = Release|Any CPU
		{88E23043-01AA-4775-ABEF-80B6EFA9D104}.Debug|Any CPU.ActiveCfg = Debug|Any CPU
		{88E23043-01AA-4775-ABEF-80B6EFA9D104}.Debug|Any CPU.Build.0 = Debug|Any CPU
		{88E23043-01AA-4775-ABEF-80B6EFA9D104}.Release|Any CPU.ActiveCfg = Release|Any CPU
		{88E23043-01AA-4775-ABEF-80B6EFA9D104}.Release|Any CPU.Build.0 = Release|Any CPU
	EndGlobalSection
	GlobalSection(SolutionProperties) = preSolution
		HideSolutionNode = FALSE
	EndGlobalSection
	GlobalSection(ExtensibilityGlobals) = postSolution
		SolutionGuid = {C36194F6-3869-488F-8BA7-E9E326693D25}
	EndGlobalSection
EndGlobal
